
Microsoft Visual Studio Solution File, Format Version 12.00
# Visual Studio Version 16
VisualStudioVersion = 16.0.31205.134
MinimumVisualStudioVersion = 10.0.40219.1
Project("{FAE04EC0-301F-11D3-BF4B-00C04F79EFBC}") = "WebAppll", "WebAppll\WebAppll.csproj", "{0C7C6D3F-EC01-4266-8052-3120335D864F}"
EndProject
Global
	GlobalSection(SolutionConfigurationPlatforms) = preSolution
		Debug|Any CPU = Debug|Any CPU
		Release|Any CPU = Release|Any CPU
	EndGlobalSection
	GlobalSection(ProjectConfigurationPlatforms) = postSolution
		{0C7C6D3F-EC01-4266-8052-3120335D864F}.Debug|Any CPU.ActiveCfg = Debug|Any CPU
		{0C7C6D3F-EC01-4266-8052-3120335D864F}.Debug|Any CPU.Build.0 = Debug|Any CPU
		{0C7C6D3F-EC01-4266-8052-3120335D864F}.Release|Any CPU.ActiveCfg = Release|Any CPU
		{0C7C6D3F-EC01-4266-8052-3120335D864F}.Release|Any CPU.Build.0 = Release|Any CPU
	EndGlobalSection
	GlobalSection(SolutionProperties) = preSolution
		HideSolutionNode = FALSE
	EndGlobalSection
	GlobalSection(ExtensibilityGlobals) = postSolution
		SolutionGuid = {9D40FE18-C651-4514-8FBA-5C0DD60029AB}
	EndGlobalSection
EndGlobal
