
Microsoft Visual Studio Solution File, Format Version 12.00
# Visual Studio Version 16
VisualStudioVersion = 16.0.31205.134
MinimumVisualStudioVersion = 10.0.40219.1
Project("{FAE04EC0-301F-11D3-BF4B-00C04F79EFBC}") = "WebAppll", "WebAppll\WebAppll.csproj", "{0C7C6D3F-EC01-4266-8052-3120335D864F}"
EndProject
Project("{FAE04EC0-301F-11D3-BF4B-00C04F79EFBC}") = "BD", "BD\BD.csproj", "{D241AF06-BE32-4709-9AF8-A7B02C29924B}"
EndProject
Project("{FAE04EC0-301F-11D3-BF4B-00C04F79EFBC}") = "Entity", "Entity\Entity.csproj", "{E05D9C93-ECF5-4524-8EEC-4ED6D037C86B}"
EndProject
Project("{FAE04EC0-301F-11D3-BF4B-00C04F79EFBC}") = "WBL", "WBL\WBL.csproj", "{65268674-0F44-4DE0-9074-3F38A1A2F4B5}"
EndProject
Global
	GlobalSection(SolutionConfigurationPlatforms) = preSolution
		Debug|Any CPU = Debug|Any CPU
		Release|Any CPU = Release|Any CPU
	EndGlobalSection
	GlobalSection(ProjectConfigurationPlatforms) = postSolution
		{0C7C6D3F-EC01-4266-8052-3120335D864F}.Debug|Any CPU.ActiveCfg = Debug|Any CPU
		{0C7C6D3F-EC01-4266-8052-3120335D864F}.Debug|Any CPU.Build.0 = Debug|Any CPU
		{0C7C6D3F-EC01-4266-8052-3120335D864F}.Release|Any CPU.ActiveCfg = Release|Any CPU
		{0C7C6D3F-EC01-4266-8052-3120335D864F}.Release|Any CPU.Build.0 = Release|Any CPU
		{D241AF06-BE32-4709-9AF8-A7B02C29924B}.Debug|Any CPU.ActiveCfg = Debug|Any CPU
		{D241AF06-BE32-4709-9AF8-A7B02C29924B}.Debug|Any CPU.Build.0 = Debug|Any CPU
		{D241AF06-BE32-4709-9AF8-A7B02C29924B}.Release|Any CPU.ActiveCfg = Release|Any CPU
		{D241AF06-BE32-4709-9AF8-A7B02C29924B}.Release|Any CPU.Build.0 = Release|Any CPU
		{E05D9C93-ECF5-4524-8EEC-4ED6D037C86B}.Debug|Any CPU.ActiveCfg = Debug|Any CPU
		{E05D9C93-ECF5-4524-8EEC-4ED6D037C86B}.Debug|Any CPU.Build.0 = Debug|Any CPU
		{E05D9C93-ECF5-4524-8EEC-4ED6D037C86B}.Release|Any CPU.ActiveCfg = Release|Any CPU
		{E05D9C93-ECF5-4524-8EEC-4ED6D037C86B}.Release|Any CPU.Build.0 = Release|Any CPU
		{65268674-0F44-4DE0-9074-3F38A1A2F4B5}.Debug|Any CPU.ActiveCfg = Debug|Any CPU
		{65268674-0F44-4DE0-9074-3F38A1A2F4B5}.Debug|Any CPU.Build.0 = Debug|Any CPU
		{65268674-0F44-4DE0-9074-3F38A1A2F4B5}.Release|Any CPU.ActiveCfg = Release|Any CPU
		{65268674-0F44-4DE0-9074-3F38A1A2F4B5}.Release|Any CPU.Build.0 = Release|Any CPU
	EndGlobalSection
	GlobalSection(SolutionProperties) = preSolution
		HideSolutionNode = FALSE
	EndGlobalSection
	GlobalSection(ExtensibilityGlobals) = postSolution
		SolutionGuid = {9D40FE18-C651-4514-8FBA-5C0DD60029AB}
	EndGlobalSection
EndGlobal
